
Microsoft Visual Studio Solution File, Format Version 12.00
# Visual Studio Version 16
VisualStudioVersion = 16.0.34114.132
MinimumVisualStudioVersion = 10.0.40219.1
Project("{888888A0-9F3D-457C-B088-3A5042F75D52}") = "PubmedAnalyzer", "PubmedAnalyzer.pyproj", "{5063FE51-AA65-400B-9AF7-8B2C74B43F1A}"
EndProject
Global
	GlobalSection(SolutionConfigurationPlatforms) = preSolution
		Debug|Any CPU = Debug|Any CPU
		Release|Any CPU = Release|Any CPU
	EndGlobalSection
	GlobalSection(ProjectConfigurationPlatforms) = postSolution
		{5063FE51-AA65-400B-9AF7-8B2C74B43F1A}.Debug|Any CPU.ActiveCfg = Debug|Any CPU
		{5063FE51-AA65-400B-9AF7-8B2C74B43F1A}.Release|Any CPU.ActiveCfg = Release|Any CPU
	EndGlobalSection
	GlobalSection(SolutionProperties) = preSolution
		HideSolutionNode = FALSE
	EndGlobalSection
	GlobalSection(ExtensibilityGlobals) = postSolution
		SolutionGuid = {3A391F3E-0FE8-4285-BD32-4861D38A7B9D}
	EndGlobalSection
EndGlobal
